{
  "nodes": {
    "crane": {
      "flake": false,
      "locked": {
        "lastModified": 1781033631,
        "narHash": "sha256-fA+Sl81N7afKXvd0AzPB45e164CgEyX/96OnedaKhbY=",
        "owner": "EpicEric",
        "repo": "dummy.nix",
        "rev": "7ee5540ff5cb7eb0b01d66a97d66772c9af99d1c",
        "type": "github"
      },
      "original": {
        "owner": "EpicEric",
        "ref": "main",
        "repo": "dummy.nix",
        "type": "github"
      }
    },
    "nixpkgs": {
      "flake": false,
      "locked": {
        "lastModified": 1781033631,
        "narHash": "sha256-fA+Sl81N7afKXvd0AzPB45e164CgEyX/96OnedaKhbY=",
        "owner": "EpicEric",
        "repo": "dummy.nix",
        "rev": "7ee5540ff5cb7eb0b01d66a97d66772c9af99d1c",
        "type": "github"
      },
      "original": {
        "owner": "EpicEric",
        "ref": "main",
        "repo": "dummy.nix",
        "type": "github"
      }
    },
    "root": {
      "inputs": {
        "crane": "crane",
        "nixpkgs": "nixpkgs",
        "rust-overlay": "rust-overlay"
      }
    },
    "rust-overlay": {
      "flake": false,
      "locked": {
        "lastModified": 1781033631,
        "narHash": "sha256-fA+Sl81N7afKXvd0AzPB45e164CgEyX/96OnedaKhbY=",
        "owner": "EpicEric",
        "repo": "dummy.nix",
        "rev": "7ee5540ff5cb7eb0b01d66a97d66772c9af99d1c",
        "type": "github"
      },
      "original": {
        "owner": "EpicEric",
        "ref": "main",
        "repo": "dummy.nix",
        "type": "github"
      }
    }
  },
  "root": "root",
  "version": 7
}
